
Microsoft Visual Studio Solution File, Format Version 12.00
# Visual Studio Version 17
VisualStudioVersion = 17.9.34728.123
MinimumVisualStudioVersion = 10.0.40219.1
Project("{FAE04EC0-301F-11D3-BF4B-00C04F79EFBC}") = "CRUD.API", "CRUD.API\CRUD.API.csproj", "{5AB66381-77A3-4EB1-B6E5-C9E5927DFAD6}"
EndProject
Project("{FAE04EC0-301F-11D3-BF4B-00C04F79EFBC}") = "CRUD.Application", "CRUD.Application\CRUD.Application.csproj", "{E2B1E16E-FFDE-4A16-9C99-24724093D727}"
EndProject
Project("{FAE04EC0-301F-11D3-BF4B-00C04F79EFBC}") = "CRUD.Domain", "CRUD.Domain\CRUD.Domain.csproj", "{73E0FE7A-2DFB-4DBD-9175-5AA996999D52}"
EndProject
Project("{FAE04EC0-301F-11D3-BF4B-00C04F79EFBC}") = "CRUD.Infrastructure", "CRUD.Infrastructure\CRUD.Infrastructure.csproj", "{8CA22A5A-E6BC-4948-B5FF-DFBAFA23C86A}"
EndProject
Project("{FAE04EC0-301F-11D3-BF4B-00C04F79EFBC}") = "CRUD.Persistence", "CRUD.Persistence\CRUD.Persistence.csproj", "{FC3B852A-B57E-46A5-B651-051473E50E15}"
EndProject
Global
	GlobalSection(SolutionConfigurationPlatforms) = preSolution
		Debug|Any CPU = Debug|Any CPU
		Release|Any CPU = Release|Any CPU
	EndGlobalSection
	GlobalSection(ProjectConfigurationPlatforms) = postSolution
		{5AB66381-77A3-4EB1-B6E5-C9E5927DFAD6}.Debug|Any CPU.ActiveCfg = Debug|Any CPU
		{5AB66381-77A3-4EB1-B6E5-C9E5927DFAD6}.Debug|Any CPU.Build.0 = Debug|Any CPU
		{5AB66381-77A3-4EB1-B6E5-C9E5927DFAD6}.Release|Any CPU.ActiveCfg = Release|Any CPU
		{5AB66381-77A3-4EB1-B6E5-C9E5927DFAD6}.Release|Any CPU.Build.0 = Release|Any CPU
		{E2B1E16E-FFDE-4A16-9C99-24724093D727}.Debug|Any CPU.ActiveCfg = Debug|Any CPU
		{E2B1E16E-FFDE-4A16-9C99-24724093D727}.Debug|Any CPU.Build.0 = Debug|Any CPU
		{E2B1E16E-FFDE-4A16-9C99-24724093D727}.Release|Any CPU.ActiveCfg = Release|Any CPU
		{E2B1E16E-FFDE-4A16-9C99-24724093D727}.Release|Any CPU.Build.0 = Release|Any CPU
		{73E0FE7A-2DFB-4DBD-9175-5AA996999D52}.Debug|Any CPU.ActiveCfg = Debug|Any CPU
		{73E0FE7A-2DFB-4DBD-9175-5AA996999D52}.Debug|Any CPU.Build.0 = Debug|Any CPU
		{73E0FE7A-2DFB-4DBD-9175-5AA996999D52}.Release|Any CPU.ActiveCfg = Release|Any CPU
		{73E0FE7A-2DFB-4DBD-9175-5AA996999D52}.Release|Any CPU.Build.0 = Release|Any CPU
		{8CA22A5A-E6BC-4948-B5FF-DFBAFA23C86A}.Debug|Any CPU.ActiveCfg = Debug|Any CPU
		{8CA22A5A-E6BC-4948-B5FF-DFBAFA23C86A}.Debug|Any CPU.Build.0 = Debug|Any CPU
		{8CA22A5A-E6BC-4948-B5FF-DFBAFA23C86A}.Release|Any CPU.ActiveCfg = Release|Any CPU
		{8CA22A5A-E6BC-4948-B5FF-DFBAFA23C86A}.Release|Any CPU.Build.0 = Release|Any CPU
		{FC3B852A-B57E-46A5-B651-051473E50E15}.Debug|Any CPU.ActiveCfg = Debug|Any CPU
		{FC3B852A-B57E-46A5-B651-051473E50E15}.Debug|Any CPU.Build.0 = Debug|Any CPU
		{FC3B852A-B57E-46A5-B651-051473E50E15}.Release|Any CPU.ActiveCfg = Release|Any CPU
		{FC3B852A-B57E-46A5-B651-051473E50E15}.Release|Any CPU.Build.0 = Release|Any CPU
	EndGlobalSection
	GlobalSection(SolutionProperties) = preSolution
		HideSolutionNode = FALSE
	EndGlobalSection
	GlobalSection(ExtensibilityGlobals) = postSolution
		SolutionGuid = {0C353346-7FFC-4E88-881B-AF5768D220D5}
	EndGlobalSection
EndGlobal
